PODS:
  - Flutter (1.0.0)
  - flutter_blue (0.0.1):
    - Flutter
    - flutter_blue/Protos (= 0.0.1)
  - flutter_blue/Protos (0.0.1):
    - Flutter
    - Protobuf (~> 3.11.4)
  - FMDB (2.7.5):
    - FMDB/standard (= 2.7.5)
  - FMDB/standard (2.7.5)
  - location (0.0.1):
    - Flutter
  - Mapbox-iOS-SDK (5.6.1):
    - MapboxMobileEvents (= 0.10.2)
  - mapbox_gl (0.0.1):
    - Flutter
    - Mapbox-iOS-SDK (~> 5.6.0)
    - MapboxAnnotationExtension (~> 0.0.1-beta.1)
  - MapboxAnnotationExtension (0.0.1-beta.1):
    - Mapbox-iOS-SDK (~> 5.2)
  - MapboxMobileEvents (0.10.2)
  - MTBBarcodeScanner (5.0.11)
  - path_provider (0.0.1):
    - Flutter
  - Protobuf (3.11.4)
  - qr_code_scanner (0.2.0):
    - Flutter
    - MTBBarcodeScanner
  - shared_preferences (0.0.1):
    - Flutter
  - sqflite (0.0.1):
    - Flutter
    - FMDB (~> 2.7.2)

DEPENDENCIES:
  - Flutter (from `Flutter`)
  - flutter_blue (from `.symlinks/plugins/flutter_blue/ios`)
  - location (from `.symlinks/plugins/location/ios`)
  - mapbox_gl (from `.symlinks/plugins/mapbox_gl/ios`)
  - path_provider (from `.symlinks/plugins/path_provider/ios`)
  - qr_code_scanner (from `.symlinks/plugins/qr_code_scanner/ios`)
  - shared_preferences (from `.symlinks/plugins/shared_preferences/ios`)
  - sqflite (from `.symlinks/plugins/sqflite/ios`)

SPEC REPOS:
  trunk:
    - FMDB
    - Mapbox-iOS-SDK
    - MapboxAnnotationExtension
    - MapboxMobileEvents
    - MTBBarcodeScanner
    - Protobuf

EXTERNAL SOURCES:
  Flutter:
    :path: Flutter
  flutter_blue:
    :path: ".symlinks/plugins/flutter_blue/ios"
  location:
    :path: ".symlinks/plugins/location/ios"
  mapbox_gl:
    :path: ".symlinks/plugins/mapbox_gl/ios"
  path_provider:
    :path: ".symlinks/plugins/path_provider/ios"
  qr_code_scanner:
    :path: ".symlinks/plugins/qr_code_scanner/ios"
  shared_preferences:
    :path: ".symlinks/plugins/shared_preferences/ios"
  sqflite:
    :path: ".symlinks/plugins/sqflite/ios"

SPEC CHECKSUMS:
  Flutter: 0e3d915762c693b495b44d77113d4970485de6ec
  flutter_blue: eeb381dc4727a0954dede73515f683865494b370
  FMDB: 2ce00b547f966261cd18927a3ddb07cb6f3db82a
  location: 3a2eed4dd2fab25e7b7baf2a9efefe82b512d740
  Mapbox-iOS-SDK: b31bd62a5dd5b7e688eab787acd3d093a122f4d6
  mapbox_gl: 48d261b93d7dfc2367c2f93b493ea8f43df5ba96
  MapboxAnnotationExtension: d66de5561562c9d940153c0135725e671407b781
  MapboxMobileEvents: 2bc0ca2eedb627b73cf403258dce2b2fa98074a6
  MTBBarcodeScanner: f453b33c4b7dfe545d8c6484ed744d55671788cb
  path_provider: abfe2b5c733d04e238b0d8691db0cfd63a27a93c
  Protobuf: 176220c526ad8bd09ab1fb40a978eac3fef665f7
  qr_code_scanner: bb67d64904c3b9658ada8c402e8b4d406d5d796e
  shared_preferences: af6bfa751691cdc24be3045c43ec037377ada40d
  sqflite: 4001a31ff81d210346b500c55b17f4d6c7589dd0

PODFILE CHECKSUM: a75497545d4391e2d394c3668e20cfb1c2bbd4aa

COCOAPODS: 1.9.3
